
Microsoft Visual Studio Solution File, Format Version 12.00
# Visual Studio Version 17
VisualStudioVersion = 17.11.35431.28
MinimumVisualStudioVersion = 10.0.40219.1
Project("{8BC9CEB8-8B4A-11D0-8D11-00A0C91BC942}") = "exercitii suplimentare", "exercitii suplimentare.vcxproj", "{B44A3A5F-9ECA-46E8-B3AD-8066D1428752}"
EndProject
Global
	GlobalSection(SolutionConfigurationPlatforms) = preSolution
		Debug|x64 = Debug|x64
		Debug|x86 = Debug|x86
		Release|x64 = Release|x64
		Release|x86 = Release|x86
	EndGlobalSection
	GlobalSection(ProjectConfigurationPlatforms) = postSolution
		{B44A3A5F-9ECA-46E8-B3AD-8066D1428752}.Debug|x64.ActiveCfg = Debug|x64
		{B44A3A5F-9ECA-46E8-B3AD-8066D1428752}.Debug|x64.Build.0 = Debug|x64
		{B44A3A5F-9ECA-46E8-B3AD-8066D1428752}.Debug|x86.ActiveCfg = Debug|Win32
		{B44A3A5F-9ECA-46E8-B3AD-8066D1428752}.Debug|x86.Build.0 = Debug|Win32
		{B44A3A5F-9ECA-46E8-B3AD-8066D1428752}.Release|x64.ActiveCfg = Release|x64
		{B44A3A5F-9ECA-46E8-B3AD-8066D1428752}.Release|x64.Build.0 = Release|x64
		{B44A3A5F-9ECA-46E8-B3AD-8066D1428752}.Release|x86.ActiveCfg = Release|Win32
		{B44A3A5F-9ECA-46E8-B3AD-8066D1428752}.Release|x86.Build.0 = Release|Win32
	EndGlobalSection
	GlobalSection(SolutionProperties) = preSolution
		HideSolutionNode = FALSE
	EndGlobalSection
	GlobalSection(ExtensibilityGlobals) = postSolution
		SolutionGuid = {8C5DF022-FE0F-4568-8AD2-A1C2D775CCD8}
	EndGlobalSection
EndGlobal
